
Microsoft Visual Studio Solution File, Format Version 12.00
# Visual Studio Version 16
VisualStudioVersion = 16.0.30413.136
MinimumVisualStudioVersion = 10.0.40219.1
Project("{FAE04EC0-301F-11D3-BF4B-00C04F79EFBC}") = "BOOKSMART", "BOOKSMART\BOOKSMART.csproj", "{05974FB6-45AE-4675-8D15-6DBB465669BB}"
EndProject
Global
	GlobalSection(SolutionConfigurationPlatforms) = preSolution
		Debug|Any CPU = Debug|Any CPU
		Release|Any CPU = Release|Any CPU
	EndGlobalSection
	GlobalSection(ProjectConfigurationPlatforms) = postSolution
		{05974FB6-45AE-4675-8D15-6DBB465669BB}.Debug|Any CPU.ActiveCfg = Debug|Any CPU
		{05974FB6-45AE-4675-8D15-6DBB465669BB}.Debug|Any CPU.Build.0 = Debug|Any CPU
		{05974FB6-45AE-4675-8D15-6DBB465669BB}.Release|Any CPU.ActiveCfg = Release|Any CPU
		{05974FB6-45AE-4675-8D15-6DBB465669BB}.Release|Any CPU.Build.0 = Release|Any CPU
	EndGlobalSection
	GlobalSection(SolutionProperties) = preSolution
		HideSolutionNode = FALSE
	EndGlobalSection
	GlobalSection(ExtensibilityGlobals) = postSolution
		SolutionGuid = {450BB3DB-6A57-4FB0-AE6B-08B55AAD2384}
	EndGlobalSection
EndGlobal
